
Microsoft Visual Studio Solution File, Format Version 12.00
# Visual Studio Version 17
VisualStudioVersion = 17.9.34728.123
MinimumVisualStudioVersion = 10.0.40219.1
Project("{8BC9CEB8-8B4A-11D0-8D11-00A0C91BC942}") = "Euclid's Algoorithm", "Euclid's Algoorithm.vcxproj", "{2B5F6A53-4096-4571-8315-1B8389C6CE2F}"
EndProject
Project("{8BC9CEB8-8B4A-11D0-8D11-00A0C91BC942}") = "EratosthenesSieve", "..\EratosthenesSieve\EratosthenesSieve.vcxproj", "{D5E34F48-57DD-4D81-8DED-71474005A166}"
EndProject
Project("{8BC9CEB8-8B4A-11D0-8D11-00A0C91BC942}") = "void_Swap", "..\void_Swap\void_Swap.vcxproj", "{E4BBE344-D35D-4FD7-8185-67A1D6812483}"
EndProject
Project("{8BC9CEB8-8B4A-11D0-8D11-00A0C91BC942}") = "Array", "..\DataStructure\DataStructure.vcxproj", "{E9003535-E046-4F59-8A97-F7504C3C3B8B}"
EndProject
Project("{8BC9CEB8-8B4A-11D0-8D11-00A0C91BC942}") = "RatInTheTrap", "..\RatInTheTrap\RatInTheTrap.vcxproj", "{7706D160-E6DD-4982-9D78-5423A7A6224A}"
EndProject
Project("{2150E333-8FDC-42A3-9474-1A3956D46DE8}") = "Chapter 3", "Chapter 3", "{D07A74BB-2D9C-4BFD-93C5-5973AEC8FAF6}"
EndProject
Project("{2150E333-8FDC-42A3-9474-1A3956D46DE8}") = "Chapter 1", "Chapter 1", "{22F1E861-E418-4975-9912-9539B6C9831E}"
EndProject
Project("{2150E333-8FDC-42A3-9474-1A3956D46DE8}") = "Chapter 2", "Chapter 2", "{0B928535-AEBA-45B9-9850-EC4632424320}"
EndProject
Project("{8BC9CEB8-8B4A-11D0-8D11-00A0C91BC942}") = "SimpleLinkedList", "..\SimpleLinkedList\SimpleLinkedList.vcxproj", "{01F225D0-07DB-482A-8C62-66A9DA722948}"
EndProject
Project("{8BC9CEB8-8B4A-11D0-8D11-00A0C91BC942}") = "JoshepProblem", "..\JoshepProblem\JoshepProblem.vcxproj", "{49D0F4F3-29BA-416B-8F2E-DB49AC5CBAEE}"
EndProject
Project("{8BC9CEB8-8B4A-11D0-8D11-00A0C91BC942}") = "DoubleLinkedList", "..\DoubleLinkedList\DoubleLinkedList.vcxproj", "{A175AFF8-A106-4B47-9ABF-87E079E143E9}"
EndProject
Project("{8BC9CEB8-8B4A-11D0-8D11-00A0C91BC942}") = "Namecard", "..\Namecard\Namecard.vcxproj", "{6D10AABB-F7F6-4F0B-A7E8-2EB648AA4500}"
EndProject
Global
	GlobalSection(SolutionConfigurationPlatforms) = preSolution
		Debug|x64 = Debug|x64
		Debug|x86 = Debug|x86
		Release|x64 = Release|x64
		Release|x86 = Release|x86
	EndGlobalSection
	GlobalSection(ProjectConfigurationPlatforms) = postSolution
		{2B5F6A53-4096-4571-8315-1B8389C6CE2F}.Debug|x64.ActiveCfg = Debug|x64
		{2B5F6A53-4096-4571-8315-1B8389C6CE2F}.Debug|x64.Build.0 = Debug|x64
		{2B5F6A53-4096-4571-8315-1B8389C6CE2F}.Debug|x86.ActiveCfg = Debug|Win32
		{2B5F6A53-4096-4571-8315-1B8389C6CE2F}.Debug|x86.Build.0 = Debug|Win32
		{2B5F6A53-4096-4571-8315-1B8389C6CE2F}.Release|x64.ActiveCfg = Release|x64
		{2B5F6A53-4096-4571-8315-1B8389C6CE2F}.Release|x64.Build.0 = Release|x64
		{2B5F6A53-4096-4571-8315-1B8389C6CE2F}.Release|x86.ActiveCfg = Release|Win32
		{2B5F6A53-4096-4571-8315-1B8389C6CE2F}.Release|x86.Build.0 = Release|Win32
		{D5E34F48-57DD-4D81-8DED-71474005A166}.Debug|x64.ActiveCfg = Debug|x64
		{D5E34F48-57DD-4D81-8DED-71474005A166}.Debug|x64.Build.0 = Debug|x64
		{D5E34F48-57DD-4D81-8DED-71474005A166}.Debug|x86.ActiveCfg = Debug|Win32
		{D5E34F48-57DD-4D81-8DED-71474005A166}.Debug|x86.Build.0 = Debug|Win32
		{D5E34F48-57DD-4D81-8DED-71474005A166}.Release|x64.ActiveCfg = Release|x64
		{D5E34F48-57DD-4D81-8DED-71474005A166}.Release|x64.Build.0 = Release|x64
		{D5E34F48-57DD-4D81-8DED-71474005A166}.Release|x86.ActiveCfg = Release|Win32
		{D5E34F48-57DD-4D81-8DED-71474005A166}.Release|x86.Build.0 = Release|Win32
		{E4BBE344-D35D-4FD7-8185-67A1D6812483}.Debug|x64.ActiveCfg = Debug|x64
		{E4BBE344-D35D-4FD7-8185-67A1D6812483}.Debug|x64.Build.0 = Debug|x64
		{E4BBE344-D35D-4FD7-8185-67A1D6812483}.Debug|x86.ActiveCfg = Debug|Win32
		{E4BBE344-D35D-4FD7-8185-67A1D6812483}.Debug|x86.Build.0 = Debug|Win32
		{E4BBE344-D35D-4FD7-8185-67A1D6812483}.Release|x64.ActiveCfg = Release|x64
		{E4BBE344-D35D-4FD7-8185-67A1D6812483}.Release|x64.Build.0 = Release|x64
		{E4BBE344-D35D-4FD7-8185-67A1D6812483}.Release|x86.ActiveCfg = Release|Win32
		{E4BBE344-D35D-4FD7-8185-67A1D6812483}.Release|x86.Build.0 = Release|Win32
		{E9003535-E046-4F59-8A97-F7504C3C3B8B}.Debug|x64.ActiveCfg = Debug|x64
		{E9003535-E046-4F59-8A97-F7504C3C3B8B}.Debug|x64.Build.0 = Debug|x64
		{E9003535-E046-4F59-8A97-F7504C3C3B8B}.Debug|x86.ActiveCfg = Debug|Win32
		{E9003535-E046-4F59-8A97-F7504C3C3B8B}.Debug|x86.Build.0 = Debug|Win32
		{E9003535-E046-4F59-8A97-F7504C3C3B8B}.Release|x64.ActiveCfg = Release|x64
		{E9003535-E046-4F59-8A97-F7504C3C3B8B}.Release|x64.Build.0 = Release|x64
		{E9003535-E046-4F59-8A97-F7504C3C3B8B}.Release|x86.ActiveCfg = Release|Win32
		{E9003535-E046-4F59-8A97-F7504C3C3B8B}.Release|x86.Build.0 = Release|Win32
		{7706D160-E6DD-4982-9D78-5423A7A6224A}.Debug|x64.ActiveCfg = Debug|x64
		{7706D160-E6DD-4982-9D78-5423A7A6224A}.Debug|x64.Build.0 = Debug|x64
		{7706D160-E6DD-4982-9D78-5423A7A6224A}.Debug|x86.ActiveCfg = Debug|Win32
		{7706D160-E6DD-4982-9D78-5423A7A6224A}.Debug|x86.Build.0 = Debug|Win32
		{7706D160-E6DD-4982-9D78-5423A7A6224A}.Release|x64.ActiveCfg = Release|x64
		{7706D160-E6DD-4982-9D78-5423A7A6224A}.Release|x64.Build.0 = Release|x64
		{7706D160-E6DD-4982-9D78-5423A7A6224A}.Release|x86.ActiveCfg = Release|Win32
		{7706D160-E6DD-4982-9D78-5423A7A6224A}.Release|x86.Build.0 = Release|Win32
		{01F225D0-07DB-482A-8C62-66A9DA722948}.Debug|x64.ActiveCfg = Debug|x64
		{01F225D0-07DB-482A-8C62-66A9DA722948}.Debug|x64.Build.0 = Debug|x64
		{01F225D0-07DB-482A-8C62-66A9DA722948}.Debug|x86.ActiveCfg = Debug|Win32
		{01F225D0-07DB-482A-8C62-66A9DA722948}.Debug|x86.Build.0 = Debug|Win32
		{01F225D0-07DB-482A-8C62-66A9DA722948}.Release|x64.ActiveCfg = Release|x64
		{01F225D0-07DB-482A-8C62-66A9DA722948}.Release|x64.Build.0 = Release|x64
		{01F225D0-07DB-482A-8C62-66A9DA722948}.Release|x86.ActiveCfg = Release|Win32
		{01F225D0-07DB-482A-8C62-66A9DA722948}.Release|x86.Build.0 = Release|Win32
		{49D0F4F3-29BA-416B-8F2E-DB49AC5CBAEE}.Debug|x64.ActiveCfg = Debug|x64
		{49D0F4F3-29BA-416B-8F2E-DB49AC5CBAEE}.Debug|x64.Build.0 = Debug|x64
		{49D0F4F3-29BA-416B-8F2E-DB49AC5CBAEE}.Debug|x86.ActiveCfg = Debug|Win32
		{49D0F4F3-29BA-416B-8F2E-DB49AC5CBAEE}.Debug|x86.Build.0 = Debug|Win32
		{49D0F4F3-29BA-416B-8F2E-DB49AC5CBAEE}.Release|x64.ActiveCfg = Release|x64
		{49D0F4F3-29BA-416B-8F2E-DB49AC5CBAEE}.Release|x64.Build.0 = Release|x64
		{49D0F4F3-29BA-416B-8F2E-DB49AC5CBAEE}.Release|x86.ActiveCfg = Release|Win32
		{49D0F4F3-29BA-416B-8F2E-DB49AC5CBAEE}.Release|x86.Build.0 = Release|Win32
		{A175AFF8-A106-4B47-9ABF-87E079E143E9}.Debug|x64.ActiveCfg = Debug|x64
		{A175AFF8-A106-4B47-9ABF-87E079E143E9}.Debug|x64.Build.0 = Debug|x64
		{A175AFF8-A106-4B47-9ABF-87E079E143E9}.Debug|x86.ActiveCfg = Debug|Win32
		{A175AFF8-A106-4B47-9ABF-87E079E143E9}.Debug|x86.Build.0 = Debug|Win32
		{A175AFF8-A106-4B47-9ABF-87E079E143E9}.Release|x64.ActiveCfg = Release|x64
		{A175AFF8-A106-4B47-9ABF-87E079E143E9}.Release|x64.Build.0 = Release|x64
		{A175AFF8-A106-4B47-9ABF-87E079E143E9}.Release|x86.ActiveCfg = Release|Win32
		{A175AFF8-A106-4B47-9ABF-87E079E143E9}.Release|x86.Build.0 = Release|Win32
		{6D10AABB-F7F6-4F0B-A7E8-2EB648AA4500}.Debug|x64.ActiveCfg = Debug|x64
		{6D10AABB-F7F6-4F0B-A7E8-2EB648AA4500}.Debug|x64.Build.0 = Debug|x64
		{6D10AABB-F7F6-4F0B-A7E8-2EB648AA4500}.Debug|x86.ActiveCfg = Debug|Win32
		{6D10AABB-F7F6-4F0B-A7E8-2EB648AA4500}.Debug|x86.Build.0 = Debug|Win32
		{6D10AABB-F7F6-4F0B-A7E8-2EB648AA4500}.Release|x64.ActiveCfg = Release|x64
		{6D10AABB-F7F6-4F0B-A7E8-2EB648AA4500}.Release|x64.Build.0 = Release|x64
		{6D10AABB-F7F6-4F0B-A7E8-2EB648AA4500}.Release|x86.ActiveCfg = Release|Win32
		{6D10AABB-F7F6-4F0B-A7E8-2EB648AA4500}.Release|x86.Build.0 = Release|Win32
	EndGlobalSection
	GlobalSection(SolutionProperties) = preSolution
		HideSolutionNode = FALSE
	EndGlobalSection
	GlobalSection(NestedProjects) = preSolution
		{2B5F6A53-4096-4571-8315-1B8389C6CE2F} = {22F1E861-E418-4975-9912-9539B6C9831E}
		{D5E34F48-57DD-4D81-8DED-71474005A166} = {22F1E861-E418-4975-9912-9539B6C9831E}
		{E4BBE344-D35D-4FD7-8185-67A1D6812483} = {0B928535-AEBA-45B9-9850-EC4632424320}
		{E9003535-E046-4F59-8A97-F7504C3C3B8B} = {D07A74BB-2D9C-4BFD-93C5-5973AEC8FAF6}
		{7706D160-E6DD-4982-9D78-5423A7A6224A} = {D07A74BB-2D9C-4BFD-93C5-5973AEC8FAF6}
		{01F225D0-07DB-482A-8C62-66A9DA722948} = {D07A74BB-2D9C-4BFD-93C5-5973AEC8FAF6}
		{49D0F4F3-29BA-416B-8F2E-DB49AC5CBAEE} = {D07A74BB-2D9C-4BFD-93C5-5973AEC8FAF6}
		{A175AFF8-A106-4B47-9ABF-87E079E143E9} = {D07A74BB-2D9C-4BFD-93C5-5973AEC8FAF6}
		{6D10AABB-F7F6-4F0B-A7E8-2EB648AA4500} = {D07A74BB-2D9C-4BFD-93C5-5973AEC8FAF6}
	EndGlobalSection
	GlobalSection(ExtensibilityGlobals) = postSolution
		SolutionGuid = {428B92CF-1755-4820-B4E7-EF66EAD5C272}
	EndGlobalSection
EndGlobal
